
Microsoft Visual Studio Solution File, Format Version 12.00
# Visual Studio 14
VisualStudioVersion = 14.0.25420.1
MinimumVisualStudioVersion = 10.0.40219.1
Project("{8BC9CEB8-8B4A-11D0-8D11-00A0C91BC942}") = "TranspeedDllS", "TranspeedDllS\TranspeedDllS.vcxproj", "{B2F7987E-2E55-4FB4-AC2F-85330CD43137}"
EndProject
Project("{8BC9CEB8-8B4A-11D0-8D11-00A0C91BC942}") = "TCR8Collect", "TCR8Collect\TCR8Collect.vcxproj", "{0BD1F80A-E829-4359-B4ED-DC67D1567FB8}"
EndProject
Project("{8BC9CEB8-8B4A-11D0-8D11-00A0C91BC942}") = "TCR8SendCard", "TCR8SendCard\TCR8SendCard.vcxproj", "{6804F01E-09F7-44B1-998A-700466053DD1}"
EndProject
Project("{8BC9CEB8-8B4A-11D0-8D11-00A0C91BC942}") = "RWLPNRAPI", "RWLPNRAPI\RWLPNRAPI.vcxproj", "{37051192-8EFA-46F1-AC21-ECFED708449C}"
EndProject
Project("{8BC9CEB8-8B4A-11D0-8D11-00A0C91BC942}") = "TCR8Tester", "..\TCR8Tester\TCR8Tester.vcxproj", "{0A642FCC-6D75-457C-8D3D-4DA54227E3DE}"
EndProject
Project("{8BC9CEB8-8B4A-11D0-8D11-00A0C91BC942}") = "TCR8lib", "TCR8lib\TCR8lib.vcxproj", "{5BFAF99D-653B-40B8-8F0C-2B62AAC124B8}"
EndProject
Project("{8BC9CEB8-8B4A-11D0-8D11-00A0C91BC942}") = "TCR8Simulator", "TCR8Simulator\TCR8Simulator.vcxproj", "{445C63DD-369C-4654-9439-791512ED2CA5}"
EndProject
Project("{8BC9CEB8-8B4A-11D0-8D11-00A0C91BC942}") = "ALB", "ALB\ALB.vcxproj", "{ABC2125D-0233-4185-B71F-59ED67863EA8}"
EndProject
Project("{FAE04EC0-301F-11D3-BF4B-00C04F79EFBC}") = "ALBTester", "ALBTester\ALBTester.csproj", "{D5BC58A1-100F-4229-B149-37C03DB78E48}"
EndProject
Project("{FAE04EC0-301F-11D3-BF4B-00C04F79EFBC}") = "LPNRTest", "LPNRDLLTester\LPNRTest.csproj", "{DB8C7D22-B5D1-4DB5-BE8C-AF04D2705861}"
EndProject
Project("{8BC9CEB8-8B4A-11D0-8D11-00A0C91BC942}") = "TFIDLL", "TFIDLL\TFIDLL.vcxproj", "{4F9A9661-9D9A-432F-899C-743B997BABEC}"
EndProject
Project("{FAE04EC0-301F-11D3-BF4B-00C04F79EFBC}") = "TFITest", "TFITest\TFITest.csproj", "{77316BC9-B5E5-4722-8C26-A0E2CCD03094}"
EndProject
Global
	GlobalSection(SolutionConfigurationPlatforms) = preSolution
		Debug|Any CPU = Debug|Any CPU
		Debug|x64 = Debug|x64
		Debug|x86 = Debug|x86
		Release_Simple|Any CPU = Release_Simple|Any CPU
		Release_Simple|x64 = Release_Simple|x64
		Release_Simple|x86 = Release_Simple|x86
		Release|Any CPU = Release|Any CPU
		Release|x64 = Release|x64
		Release|x86 = Release|x86
		Template|Any CPU = Template|Any CPU
		Template|x64 = Template|x64
		Template|x86 = Template|x86
	EndGlobalSection
	GlobalSection(ProjectConfigurationPlatforms) = postSolution
		{B2F7987E-2E55-4FB4-AC2F-85330CD43137}.Debug|Any CPU.ActiveCfg = Debug|Win32
		{B2F7987E-2E55-4FB4-AC2F-85330CD43137}.Debug|x64.ActiveCfg = Debug|x64
		{B2F7987E-2E55-4FB4-AC2F-85330CD43137}.Debug|x64.Build.0 = Debug|x64
		{B2F7987E-2E55-4FB4-AC2F-85330CD43137}.Debug|x86.ActiveCfg = Debug|Win32
		{B2F7987E-2E55-4FB4-AC2F-85330CD43137}.Debug|x86.Build.0 = Debug|Win32
		{B2F7987E-2E55-4FB4-AC2F-85330CD43137}.Release_Simple|Any CPU.ActiveCfg = Release|Win32
		{B2F7987E-2E55-4FB4-AC2F-85330CD43137}.Release_Simple|Any CPU.Build.0 = Release|Win32
		{B2F7987E-2E55-4FB4-AC2F-85330CD43137}.Release_Simple|x64.ActiveCfg = Release|x64
		{B2F7987E-2E55-4FB4-AC2F-85330CD43137}.Release_Simple|x64.Build.0 = Release|x64
		{B2F7987E-2E55-4FB4-AC2F-85330CD43137}.Release_Simple|x86.ActiveCfg = Release|Win32
		{B2F7987E-2E55-4FB4-AC2F-85330CD43137}.Release_Simple|x86.Build.0 = Release|Win32
		{B2F7987E-2E55-4FB4-AC2F-85330CD43137}.Release|Any CPU.ActiveCfg = Release|Win32
		{B2F7987E-2E55-4FB4-AC2F-85330CD43137}.Release|x64.ActiveCfg = Release|x64
		{B2F7987E-2E55-4FB4-AC2F-85330CD43137}.Release|x64.Build.0 = Release|x64
		{B2F7987E-2E55-4FB4-AC2F-85330CD43137}.Release|x86.ActiveCfg = Release|Win32
		{B2F7987E-2E55-4FB4-AC2F-85330CD43137}.Release|x86.Build.0 = Release|Win32
		{B2F7987E-2E55-4FB4-AC2F-85330CD43137}.Template|Any CPU.ActiveCfg = Release|Win32
		{B2F7987E-2E55-4FB4-AC2F-85330CD43137}.Template|Any CPU.Build.0 = Release|Win32
		{B2F7987E-2E55-4FB4-AC2F-85330CD43137}.Template|x64.ActiveCfg = Release|x64
		{B2F7987E-2E55-4FB4-AC2F-85330CD43137}.Template|x64.Build.0 = Release|x64
		{B2F7987E-2E55-4FB4-AC2F-85330CD43137}.Template|x86.ActiveCfg = Release|Win32
		{B2F7987E-2E55-4FB4-AC2F-85330CD43137}.Template|x86.Build.0 = Release|Win32
		{0BD1F80A-E829-4359-B4ED-DC67D1567FB8}.Debug|Any CPU.ActiveCfg = Debug|Win32
		{0BD1F80A-E829-4359-B4ED-DC67D1567FB8}.Debug|x64.ActiveCfg = Debug|x64
		{0BD1F80A-E829-4359-B4ED-DC67D1567FB8}.Debug|x64.Build.0 = Debug|x64
		{0BD1F80A-E829-4359-B4ED-DC67D1567FB8}.Debug|x86.ActiveCfg = Debug|Win32
		{0BD1F80A-E829-4359-B4ED-DC67D1567FB8}.Debug|x86.Build.0 = Debug|Win32
		{0BD1F80A-E829-4359-B4ED-DC67D1567FB8}.Release_Simple|Any CPU.ActiveCfg = Release|Win32
		{0BD1F80A-E829-4359-B4ED-DC67D1567FB8}.Release_Simple|Any CPU.Build.0 = Release|Win32
		{0BD1F80A-E829-4359-B4ED-DC67D1567FB8}.Release_Simple|x64.ActiveCfg = Release|x64
		{0BD1F80A-E829-4359-B4ED-DC67D1567FB8}.Release_Simple|x64.Build.0 = Release|x64
		{0BD1F80A-E829-4359-B4ED-DC67D1567FB8}.Release_Simple|x86.ActiveCfg = Release|Win32
		{0BD1F80A-E829-4359-B4ED-DC67D1567FB8}.Release_Simple|x86.Build.0 = Release|Win32
		{0BD1F80A-E829-4359-B4ED-DC67D1567FB8}.Release|Any CPU.ActiveCfg = Release|Win32
		{0BD1F80A-E829-4359-B4ED-DC67D1567FB8}.Release|x64.ActiveCfg = Release|x64
		{0BD1F80A-E829-4359-B4ED-DC67D1567FB8}.Release|x64.Build.0 = Release|x64
		{0BD1F80A-E829-4359-B4ED-DC67D1567FB8}.Release|x86.ActiveCfg = Release|Win32
		{0BD1F80A-E829-4359-B4ED-DC67D1567FB8}.Release|x86.Build.0 = Release|Win32
		{0BD1F80A-E829-4359-B4ED-DC67D1567FB8}.Template|Any CPU.ActiveCfg = Release|Win32
		{0BD1F80A-E829-4359-B4ED-DC67D1567FB8}.Template|Any CPU.Build.0 = Release|Win32
		{0BD1F80A-E829-4359-B4ED-DC67D1567FB8}.Template|x64.ActiveCfg = Release|x64
		{0BD1F80A-E829-4359-B4ED-DC67D1567FB8}.Template|x64.Build.0 = Release|x64
		{0BD1F80A-E829-4359-B4ED-DC67D1567FB8}.Template|x86.ActiveCfg = Release|Win32
		{0BD1F80A-E829-4359-B4ED-DC67D1567FB8}.Template|x86.Build.0 = Release|Win32
		{6804F01E-09F7-44B1-998A-700466053DD1}.Debug|Any CPU.ActiveCfg = Debug|Win32
		{6804F01E-09F7-44B1-998A-700466053DD1}.Debug|x64.ActiveCfg = Debug|x64
		{6804F01E-09F7-44B1-998A-700466053DD1}.Debug|x64.Build.0 = Debug|x64
		{6804F01E-09F7-44B1-998A-700466053DD1}.Debug|x86.ActiveCfg = Debug|Win32
		{6804F01E-09F7-44B1-998A-700466053DD1}.Debug|x86.Build.0 = Debug|Win32
		{6804F01E-09F7-44B1-998A-700466053DD1}.Release_Simple|Any CPU.ActiveCfg = Release|Win32
		{6804F01E-09F7-44B1-998A-700466053DD1}.Release_Simple|Any CPU.Build.0 = Release|Win32
		{6804F01E-09F7-44B1-998A-700466053DD1}.Release_Simple|x64.ActiveCfg = Release|x64
		{6804F01E-09F7-44B1-998A-700466053DD1}.Release_Simple|x64.Build.0 = Release|x64
		{6804F01E-09F7-44B1-998A-700466053DD1}.Release_Simple|x86.ActiveCfg = Release|Win32
		{6804F01E-09F7-44B1-998A-700466053DD1}.Release_Simple|x86.Build.0 = Release|Win32
		{6804F01E-09F7-44B1-998A-700466053DD1}.Release|Any CPU.ActiveCfg = Release|Win32
		{6804F01E-09F7-44B1-998A-700466053DD1}.Release|x64.ActiveCfg = Release|x64
		{6804F01E-09F7-44B1-998A-700466053DD1}.Release|x64.Build.0 = Release|x64
		{6804F01E-09F7-44B1-998A-700466053DD1}.Release|x86.ActiveCfg = Release|Win32
		{6804F01E-09F7-44B1-998A-700466053DD1}.Release|x86.Build.0 = Release|Win32
		{6804F01E-09F7-44B1-998A-700466053DD1}.Template|Any CPU.ActiveCfg = Release|Win32
		{6804F01E-09F7-44B1-998A-700466053DD1}.Template|Any CPU.Build.0 = Release|Win32
		{6804F01E-09F7-44B1-998A-700466053DD1}.Template|x64.ActiveCfg = Release|x64
		{6804F01E-09F7-44B1-998A-700466053DD1}.Template|x64.Build.0 = Release|x64
		{6804F01E-09F7-44B1-998A-700466053DD1}.Template|x86.ActiveCfg = Release|Win32
		{6804F01E-09F7-44B1-998A-700466053DD1}.Template|x86.Build.0 = Release|Win32
		{37051192-8EFA-46F1-AC21-ECFED708449C}.Debug|Any CPU.ActiveCfg = Debug|Win32
		{37051192-8EFA-46F1-AC21-ECFED708449C}.Debug|x64.ActiveCfg = Debug|x64
		{37051192-8EFA-46F1-AC21-ECFED708449C}.Debug|x64.Build.0 = Debug|x64
		{37051192-8EFA-46F1-AC21-ECFED708449C}.Debug|x86.ActiveCfg = Debug|Win32
		{37051192-8EFA-46F1-AC21-ECFED708449C}.Debug|x86.Build.0 = Debug|Win32
		{37051192-8EFA-46F1-AC21-ECFED708449C}.Release_Simple|Any CPU.ActiveCfg = Release|Win32
		{37051192-8EFA-46F1-AC21-ECFED708449C}.Release_Simple|Any CPU.Build.0 = Release|Win32
		{37051192-8EFA-46F1-AC21-ECFED708449C}.Release_Simple|x64.ActiveCfg = Release|x64
		{37051192-8EFA-46F1-AC21-ECFED708449C}.Release_Simple|x64.Build.0 = Release|x64
		{37051192-8EFA-46F1-AC21-ECFED708449C}.Release_Simple|x86.ActiveCfg = Release|Win32
		{37051192-8EFA-46F1-AC21-ECFED708449C}.Release_Simple|x86.Build.0 = Release|Win32
		{37051192-8EFA-46F1-AC21-ECFED708449C}.Release|Any CPU.ActiveCfg = Release|Win32
		{37051192-8EFA-46F1-AC21-ECFED708449C}.Release|x64.ActiveCfg = Release|x64
		{37051192-8EFA-46F1-AC21-ECFED708449C}.Release|x64.Build.0 = Release|x64
		{37051192-8EFA-46F1-AC21-ECFED708449C}.Release|x86.ActiveCfg = Release|Win32
		{37051192-8EFA-46F1-AC21-ECFED708449C}.Release|x86.Build.0 = Release|Win32
		{37051192-8EFA-46F1-AC21-ECFED708449C}.Template|Any CPU.ActiveCfg = Release|Win32
		{37051192-8EFA-46F1-AC21-ECFED708449C}.Template|Any CPU.Build.0 = Release|Win32
		{37051192-8EFA-46F1-AC21-ECFED708449C}.Template|x64.ActiveCfg = Release|x64
		{37051192-8EFA-46F1-AC21-ECFED708449C}.Template|x64.Build.0 = Release|x64
		{37051192-8EFA-46F1-AC21-ECFED708449C}.Template|x86.ActiveCfg = Release|Win32
		{37051192-8EFA-46F1-AC21-ECFED708449C}.Template|x86.Build.0 = Release|Win32
		{0A642FCC-6D75-457C-8D3D-4DA54227E3DE}.Debug|Any CPU.ActiveCfg = Debug|Win32
		{0A642FCC-6D75-457C-8D3D-4DA54227E3DE}.Debug|x64.ActiveCfg = Debug|x64
		{0A642FCC-6D75-457C-8D3D-4DA54227E3DE}.Debug|x64.Build.0 = Debug|x64
		{0A642FCC-6D75-457C-8D3D-4DA54227E3DE}.Debug|x86.ActiveCfg = Debug|Win32
		{0A642FCC-6D75-457C-8D3D-4DA54227E3DE}.Debug|x86.Build.0 = Debug|Win32
		{0A642FCC-6D75-457C-8D3D-4DA54227E3DE}.Release_Simple|Any CPU.ActiveCfg = Release|Win32
		{0A642FCC-6D75-457C-8D3D-4DA54227E3DE}.Release_Simple|Any CPU.Build.0 = Release|Win32
		{0A642FCC-6D75-457C-8D3D-4DA54227E3DE}.Release_Simple|x64.ActiveCfg = Release|x64
		{0A642FCC-6D75-457C-8D3D-4DA54227E3DE}.Release_Simple|x64.Build.0 = Release|x64
		{0A642FCC-6D75-457C-8D3D-4DA54227E3DE}.Release_Simple|x86.ActiveCfg = Release|Win32
		{0A642FCC-6D75-457C-8D3D-4DA54227E3DE}.Release_Simple|x86.Build.0 = Release|Win32
		{0A642FCC-6D75-457C-8D3D-4DA54227E3DE}.Release|Any CPU.ActiveCfg = Release|Win32
		{0A642FCC-6D75-457C-8D3D-4DA54227E3DE}.Release|x64.ActiveCfg = Release|x64
		{0A642FCC-6D75-457C-8D3D-4DA54227E3DE}.Release|x64.Build.0 = Release|x64
		{0A642FCC-6D75-457C-8D3D-4DA54227E3DE}.Release|x86.ActiveCfg = Release|Win32
		{0A642FCC-6D75-457C-8D3D-4DA54227E3DE}.Release|x86.Build.0 = Release|Win32
		{0A642FCC-6D75-457C-8D3D-4DA54227E3DE}.Template|Any CPU.ActiveCfg = Template|Win32
		{0A642FCC-6D75-457C-8D3D-4DA54227E3DE}.Template|x64.ActiveCfg = Template|x64
		{0A642FCC-6D75-457C-8D3D-4DA54227E3DE}.Template|x64.Build.0 = Template|x64
		{0A642FCC-6D75-457C-8D3D-4DA54227E3DE}.Template|x86.ActiveCfg = Template|Win32
		{0A642FCC-6D75-457C-8D3D-4DA54227E3DE}.Template|x86.Build.0 = Template|Win32
		{5BFAF99D-653B-40B8-8F0C-2B62AAC124B8}.Debug|Any CPU.ActiveCfg = Debug|Win32
		{5BFAF99D-653B-40B8-8F0C-2B62AAC124B8}.Debug|x64.ActiveCfg = Debug|x64
		{5BFAF99D-653B-40B8-8F0C-2B62AAC124B8}.Debug|x64.Build.0 = Debug|x64
		{5BFAF99D-653B-40B8-8F0C-2B62AAC124B8}.Debug|x86.ActiveCfg = Debug|Win32
		{5BFAF99D-653B-40B8-8F0C-2B62AAC124B8}.Debug|x86.Build.0 = Debug|Win32
		{5BFAF99D-653B-40B8-8F0C-2B62AAC124B8}.Release_Simple|Any CPU.ActiveCfg = Release|Win32
		{5BFAF99D-653B-40B8-8F0C-2B62AAC124B8}.Release_Simple|Any CPU.Build.0 = Release|Win32
		{5BFAF99D-653B-40B8-8F0C-2B62AAC124B8}.Release_Simple|x64.ActiveCfg = Release|x64
		{5BFAF99D-653B-40B8-8F0C-2B62AAC124B8}.Release_Simple|x64.Build.0 = Release|x64
		{5BFAF99D-653B-40B8-8F0C-2B62AAC124B8}.Release_Simple|x86.ActiveCfg = Release|Win32
		{5BFAF99D-653B-40B8-8F0C-2B62AAC124B8}.Release_Simple|x86.Build.0 = Release|Win32
		{5BFAF99D-653B-40B8-8F0C-2B62AAC124B8}.Release|Any CPU.ActiveCfg = Release|Win32
		{5BFAF99D-653B-40B8-8F0C-2B62AAC124B8}.Release|x64.ActiveCfg = Release|x64
		{5BFAF99D-653B-40B8-8F0C-2B62AAC124B8}.Release|x64.Build.0 = Release|x64
		{5BFAF99D-653B-40B8-8F0C-2B62AAC124B8}.Release|x86.ActiveCfg = Release|Win32
		{5BFAF99D-653B-40B8-8F0C-2B62AAC124B8}.Release|x86.Build.0 = Release|Win32
		{5BFAF99D-653B-40B8-8F0C-2B62AAC124B8}.Template|Any CPU.ActiveCfg = Release|Win32
		{5BFAF99D-653B-40B8-8F0C-2B62AAC124B8}.Template|Any CPU.Build.0 = Release|Win32
		{5BFAF99D-653B-40B8-8F0C-2B62AAC124B8}.Template|x64.ActiveCfg = Release|x64
		{5BFAF99D-653B-40B8-8F0C-2B62AAC124B8}.Template|x64.Build.0 = Release|x64
		{5BFAF99D-653B-40B8-8F0C-2B62AAC124B8}.Template|x86.ActiveCfg = Release|Win32
		{5BFAF99D-653B-40B8-8F0C-2B62AAC124B8}.Template|x86.Build.0 = Release|Win32
		{445C63DD-369C-4654-9439-791512ED2CA5}.Debug|Any CPU.ActiveCfg = Debug|Win32
		{445C63DD-369C-4654-9439-791512ED2CA5}.Debug|x64.ActiveCfg = Debug|x64
		{445C63DD-369C-4654-9439-791512ED2CA5}.Debug|x64.Build.0 = Debug|x64
		{445C63DD-369C-4654-9439-791512ED2CA5}.Debug|x86.ActiveCfg = Debug|Win32
		{445C63DD-369C-4654-9439-791512ED2CA5}.Debug|x86.Build.0 = Debug|Win32
		{445C63DD-369C-4654-9439-791512ED2CA5}.Release_Simple|Any CPU.ActiveCfg = Release_Simple|Win32
		{445C63DD-369C-4654-9439-791512ED2CA5}.Release_Simple|x64.ActiveCfg = Release_Simple|x64
		{445C63DD-369C-4654-9439-791512ED2CA5}.Release_Simple|x64.Build.0 = Release_Simple|x64
		{445C63DD-369C-4654-9439-791512ED2CA5}.Release_Simple|x86.ActiveCfg = Release_Simple|Win32
		{445C63DD-369C-4654-9439-791512ED2CA5}.Release_Simple|x86.Build.0 = Release_Simple|Win32
		{445C63DD-369C-4654-9439-791512ED2CA5}.Release|Any CPU.ActiveCfg = Release|Win32
		{445C63DD-369C-4654-9439-791512ED2CA5}.Release|x64.ActiveCfg = Release|x64
		{445C63DD-369C-4654-9439-791512ED2CA5}.Release|x64.Build.0 = Release|x64
		{445C63DD-369C-4654-9439-791512ED2CA5}.Release|x86.ActiveCfg = Release|Win32
		{445C63DD-369C-4654-9439-791512ED2CA5}.Release|x86.Build.0 = Release|Win32
		{445C63DD-369C-4654-9439-791512ED2CA5}.Template|Any CPU.ActiveCfg = Template|Win32
		{445C63DD-369C-4654-9439-791512ED2CA5}.Template|x64.ActiveCfg = Template|x64
		{445C63DD-369C-4654-9439-791512ED2CA5}.Template|x64.Build.0 = Template|x64
		{445C63DD-369C-4654-9439-791512ED2CA5}.Template|x86.ActiveCfg = Template|Win32
		{ABC2125D-0233-4185-B71F-59ED67863EA8}.Debug|Any CPU.ActiveCfg = Debug|Win32
		{ABC2125D-0233-4185-B71F-59ED67863EA8}.Debug|x64.ActiveCfg = Debug|x64
		{ABC2125D-0233-4185-B71F-59ED67863EA8}.Debug|x64.Build.0 = Debug|x64
		{ABC2125D-0233-4185-B71F-59ED67863EA8}.Debug|x86.ActiveCfg = Debug|Win32
		{ABC2125D-0233-4185-B71F-59ED67863EA8}.Release_Simple|Any CPU.ActiveCfg = Release|Win32
		{ABC2125D-0233-4185-B71F-59ED67863EA8}.Release_Simple|x64.ActiveCfg = Release|x64
		{ABC2125D-0233-4185-B71F-59ED67863EA8}.Release_Simple|x64.Build.0 = Release|x64
		{ABC2125D-0233-4185-B71F-59ED67863EA8}.Release_Simple|x86.ActiveCfg = Release|Win32
		{ABC2125D-0233-4185-B71F-59ED67863EA8}.Release|Any CPU.ActiveCfg = Release|Win32
		{ABC2125D-0233-4185-B71F-59ED67863EA8}.Release|x64.ActiveCfg = Release|x64
		{ABC2125D-0233-4185-B71F-59ED67863EA8}.Release|x64.Build.0 = Release|x64
		{ABC2125D-0233-4185-B71F-59ED67863EA8}.Release|x86.ActiveCfg = Release|Win32
		{ABC2125D-0233-4185-B71F-59ED67863EA8}.Template|Any CPU.ActiveCfg = Release|Win32
		{ABC2125D-0233-4185-B71F-59ED67863EA8}.Template|x64.ActiveCfg = Release|x64
		{ABC2125D-0233-4185-B71F-59ED67863EA8}.Template|x64.Build.0 = Release|x64
		{ABC2125D-0233-4185-B71F-59ED67863EA8}.Template|x86.ActiveCfg = Release|Win32
		{D5BC58A1-100F-4229-B149-37C03DB78E48}.Debug|Any CPU.ActiveCfg = Debug|Any CPU
		{D5BC58A1-100F-4229-B149-37C03DB78E48}.Debug|Any CPU.Build.0 = Debug|Any CPU
		{D5BC58A1-100F-4229-B149-37C03DB78E48}.Debug|x64.ActiveCfg = Debug|x64
		{D5BC58A1-100F-4229-B149-37C03DB78E48}.Debug|x64.Build.0 = Debug|x64
		{D5BC58A1-100F-4229-B149-37C03DB78E48}.Debug|x86.ActiveCfg = Debug|Any CPU
		{D5BC58A1-100F-4229-B149-37C03DB78E48}.Debug|x86.Build.0 = Debug|Any CPU
		{D5BC58A1-100F-4229-B149-37C03DB78E48}.Release_Simple|Any CPU.ActiveCfg = Release|Any CPU
		{D5BC58A1-100F-4229-B149-37C03DB78E48}.Release_Simple|Any CPU.Build.0 = Release|Any CPU
		{D5BC58A1-100F-4229-B149-37C03DB78E48}.Release_Simple|x64.ActiveCfg = Release|x64
		{D5BC58A1-100F-4229-B149-37C03DB78E48}.Release_Simple|x64.Build.0 = Release|x64
		{D5BC58A1-100F-4229-B149-37C03DB78E48}.Release_Simple|x86.ActiveCfg = Release|Any CPU
		{D5BC58A1-100F-4229-B149-37C03DB78E48}.Release_Simple|x86.Build.0 = Release|Any CPU
		{D5BC58A1-100F-4229-B149-37C03DB78E48}.Release|Any CPU.ActiveCfg = Release|Any CPU
		{D5BC58A1-100F-4229-B149-37C03DB78E48}.Release|Any CPU.Build.0 = Release|Any CPU
		{D5BC58A1-100F-4229-B149-37C03DB78E48}.Release|x64.ActiveCfg = Release|x64
		{D5BC58A1-100F-4229-B149-37C03DB78E48}.Release|x64.Build.0 = Release|x64
		{D5BC58A1-100F-4229-B149-37C03DB78E48}.Release|x86.ActiveCfg = Release|Any CPU
		{D5BC58A1-100F-4229-B149-37C03DB78E48}.Release|x86.Build.0 = Release|Any CPU
		{D5BC58A1-100F-4229-B149-37C03DB78E48}.Template|Any CPU.ActiveCfg = Release|Any CPU
		{D5BC58A1-100F-4229-B149-37C03DB78E48}.Template|Any CPU.Build.0 = Release|Any CPU
		{D5BC58A1-100F-4229-B149-37C03DB78E48}.Template|x64.ActiveCfg = Release|x64
		{D5BC58A1-100F-4229-B149-37C03DB78E48}.Template|x64.Build.0 = Release|x64
		{D5BC58A1-100F-4229-B149-37C03DB78E48}.Template|x86.ActiveCfg = Release|Any CPU
		{D5BC58A1-100F-4229-B149-37C03DB78E48}.Template|x86.Build.0 = Release|Any CPU
		{DB8C7D22-B5D1-4DB5-BE8C-AF04D2705861}.Debug|Any CPU.ActiveCfg = Debug|x86
		{DB8C7D22-B5D1-4DB5-BE8C-AF04D2705861}.Debug|x64.ActiveCfg = Debug|x86
		{DB8C7D22-B5D1-4DB5-BE8C-AF04D2705861}.Debug|x86.ActiveCfg = Debug|x86
		{DB8C7D22-B5D1-4DB5-BE8C-AF04D2705861}.Debug|x86.Build.0 = Debug|x86
		{DB8C7D22-B5D1-4DB5-BE8C-AF04D2705861}.Release_Simple|Any CPU.ActiveCfg = Release|x86
		{DB8C7D22-B5D1-4DB5-BE8C-AF04D2705861}.Release_Simple|Any CPU.Build.0 = Release|x86
		{DB8C7D22-B5D1-4DB5-BE8C-AF04D2705861}.Release_Simple|x64.ActiveCfg = Release|x86
		{DB8C7D22-B5D1-4DB5-BE8C-AF04D2705861}.Release_Simple|x64.Build.0 = Release|x86
		{DB8C7D22-B5D1-4DB5-BE8C-AF04D2705861}.Release_Simple|x86.ActiveCfg = Release|x86
		{DB8C7D22-B5D1-4DB5-BE8C-AF04D2705861}.Release_Simple|x86.Build.0 = Release|x86
		{DB8C7D22-B5D1-4DB5-BE8C-AF04D2705861}.Release|Any CPU.ActiveCfg = Release|x86
		{DB8C7D22-B5D1-4DB5-BE8C-AF04D2705861}.Release|x64.ActiveCfg = Release|x86
		{DB8C7D22-B5D1-4DB5-BE8C-AF04D2705861}.Release|x86.ActiveCfg = Release|x86
		{DB8C7D22-B5D1-4DB5-BE8C-AF04D2705861}.Release|x86.Build.0 = Release|x86
		{DB8C7D22-B5D1-4DB5-BE8C-AF04D2705861}.Template|Any CPU.ActiveCfg = Release|x86
		{DB8C7D22-B5D1-4DB5-BE8C-AF04D2705861}.Template|Any CPU.Build.0 = Release|x86
		{DB8C7D22-B5D1-4DB5-BE8C-AF04D2705861}.Template|x64.ActiveCfg = Release|x86
		{DB8C7D22-B5D1-4DB5-BE8C-AF04D2705861}.Template|x64.Build.0 = Release|x86
		{DB8C7D22-B5D1-4DB5-BE8C-AF04D2705861}.Template|x86.ActiveCfg = Release|x86
		{4F9A9661-9D9A-432F-899C-743B997BABEC}.Debug|Any CPU.ActiveCfg = Debug|Win32
		{4F9A9661-9D9A-432F-899C-743B997BABEC}.Debug|x64.ActiveCfg = Debug|x64
		{4F9A9661-9D9A-432F-899C-743B997BABEC}.Debug|x64.Build.0 = Debug|x64
		{4F9A9661-9D9A-432F-899C-743B997BABEC}.Debug|x86.ActiveCfg = Debug|Win32
		{4F9A9661-9D9A-432F-899C-743B997BABEC}.Debug|x86.Build.0 = Debug|Win32
		{4F9A9661-9D9A-432F-899C-743B997BABEC}.Release_Simple|Any CPU.ActiveCfg = Release|x64
		{4F9A9661-9D9A-432F-899C-743B997BABEC}.Release_Simple|Any CPU.Build.0 = Release|x64
		{4F9A9661-9D9A-432F-899C-743B997BABEC}.Release_Simple|x64.ActiveCfg = Release|x64
		{4F9A9661-9D9A-432F-899C-743B997BABEC}.Release_Simple|x64.Build.0 = Release|x64
		{4F9A9661-9D9A-432F-899C-743B997BABEC}.Release_Simple|x86.ActiveCfg = Release|Win32
		{4F9A9661-9D9A-432F-899C-743B997BABEC}.Release_Simple|x86.Build.0 = Release|Win32
		{4F9A9661-9D9A-432F-899C-743B997BABEC}.Release|Any CPU.ActiveCfg = Release|Win32
		{4F9A9661-9D9A-432F-899C-743B997BABEC}.Release|x64.ActiveCfg = Release|x64
		{4F9A9661-9D9A-432F-899C-743B997BABEC}.Release|x64.Build.0 = Release|x64
		{4F9A9661-9D9A-432F-899C-743B997BABEC}.Release|x86.ActiveCfg = Release|Win32
		{4F9A9661-9D9A-432F-899C-743B997BABEC}.Release|x86.Build.0 = Release|Win32
		{4F9A9661-9D9A-432F-899C-743B997BABEC}.Template|Any CPU.ActiveCfg = Release|x64
		{4F9A9661-9D9A-432F-899C-743B997BABEC}.Template|Any CPU.Build.0 = Release|x64
		{4F9A9661-9D9A-432F-899C-743B997BABEC}.Template|x64.ActiveCfg = Release|x64
		{4F9A9661-9D9A-432F-899C-743B997BABEC}.Template|x64.Build.0 = Release|x64
		{4F9A9661-9D9A-432F-899C-743B997BABEC}.Template|x86.ActiveCfg = Release|Win32
		{4F9A9661-9D9A-432F-899C-743B997BABEC}.Template|x86.Build.0 = Release|Win32
		{77316BC9-B5E5-4722-8C26-A0E2CCD03094}.Debug|Any CPU.ActiveCfg = Debug|Any CPU
		{77316BC9-B5E5-4722-8C26-A0E2CCD03094}.Debug|Any CPU.Build.0 = Debug|Any CPU
		{77316BC9-B5E5-4722-8C26-A0E2CCD03094}.Debug|x64.ActiveCfg = Debug|x64
		{77316BC9-B5E5-4722-8C26-A0E2CCD03094}.Debug|x64.Build.0 = Debug|x64
		{77316BC9-B5E5-4722-8C26-A0E2CCD03094}.Debug|x86.ActiveCfg = Debug|x86
		{77316BC9-B5E5-4722-8C26-A0E2CCD03094}.Debug|x86.Build.0 = Debug|x86
		{77316BC9-B5E5-4722-8C26-A0E2CCD03094}.Release_Simple|Any CPU.ActiveCfg = Release|Any CPU
		{77316BC9-B5E5-4722-8C26-A0E2CCD03094}.Release_Simple|Any CPU.Build.0 = Release|Any CPU
		{77316BC9-B5E5-4722-8C26-A0E2CCD03094}.Release_Simple|x64.ActiveCfg = Release|x64
		{77316BC9-B5E5-4722-8C26-A0E2CCD03094}.Release_Simple|x64.Build.0 = Release|x64
		{77316BC9-B5E5-4722-8C26-A0E2CCD03094}.Release_Simple|x86.ActiveCfg = Release|x86
		{77316BC9-B5E5-4722-8C26-A0E2CCD03094}.Release_Simple|x86.Build.0 = Release|x86
		{77316BC9-B5E5-4722-8C26-A0E2CCD03094}.Release|Any CPU.ActiveCfg = Release|Any CPU
		{77316BC9-B5E5-4722-8C26-A0E2CCD03094}.Release|Any CPU.Build.0 = Release|Any CPU
		{77316BC9-B5E5-4722-8C26-A0E2CCD03094}.Release|x64.ActiveCfg = Release|x64
		{77316BC9-B5E5-4722-8C26-A0E2CCD03094}.Release|x64.Build.0 = Release|x64
		{77316BC9-B5E5-4722-8C26-A0E2CCD03094}.Release|x86.ActiveCfg = Release|x86
		{77316BC9-B5E5-4722-8C26-A0E2CCD03094}.Release|x86.Build.0 = Release|x86
		{77316BC9-B5E5-4722-8C26-A0E2CCD03094}.Template|Any CPU.ActiveCfg = Release|Any CPU
		{77316BC9-B5E5-4722-8C26-A0E2CCD03094}.Template|Any CPU.Build.0 = Release|Any CPU
		{77316BC9-B5E5-4722-8C26-A0E2CCD03094}.Template|x64.ActiveCfg = Release|x64
		{77316BC9-B5E5-4722-8C26-A0E2CCD03094}.Template|x64.Build.0 = Release|x64
		{77316BC9-B5E5-4722-8C26-A0E2CCD03094}.Template|x86.ActiveCfg = Release|x86
		{77316BC9-B5E5-4722-8C26-A0E2CCD03094}.Template|x86.Build.0 = Release|x86
	EndGlobalSection
	GlobalSection(SolutionProperties) = preSolution
		HideSolutionNode = FALSE
	EndGlobalSection
EndGlobal
